
Microsoft Visual Studio Solution File, Format Version 12.00
# Visual Studio Version 17
VisualStudioVersion = 17.8.34330.188
MinimumVisualStudioVersion = 10.0.40219.1
Project("{9A19103F-16F7-4668-BE54-9A1E7A4F7556}") = "Microblog", "Microblog\Microblog.csproj", "{AC33A9BA-C3BA-457B-9C27-88D661840BE4}"
EndProject
Project("{9A19103F-16F7-4668-BE54-9A1E7A4F7556}") = "BdService.DAL", "BdService\BdService.DAL.csproj", "{875A2812-5580-4BB0-AC40-250BAEF204B7}"
EndProject
Project("{9A19103F-16F7-4668-BE54-9A1E7A4F7556}") = "BdService.BBL", "BdService.BBL\BdService.BBL.csproj", "{D728CCF7-3D97-434F-AD03-1DB81651222D}"
EndProject
Project("{FAE04EC0-301F-11D3-BF4B-00C04F79EFBC}") = "Microblog.API", "Microblog.API\Microblog.API.csproj", "{3F05825F-F249-4568-ABB7-428018E270A9}"
EndProject
Global
	GlobalSection(SolutionConfigurationPlatforms) = preSolution
		Debug|Any CPU = Debug|Any CPU
		Release|Any CPU = Release|Any CPU
	EndGlobalSection
	GlobalSection(ProjectConfigurationPlatforms) = postSolution
		{AC33A9BA-C3BA-457B-9C27-88D661840BE4}.Debug|Any CPU.ActiveCfg = Debug|Any CPU
		{AC33A9BA-C3BA-457B-9C27-88D661840BE4}.Debug|Any CPU.Build.0 = Debug|Any CPU
		{AC33A9BA-C3BA-457B-9C27-88D661840BE4}.Release|Any CPU.ActiveCfg = Release|Any CPU
		{AC33A9BA-C3BA-457B-9C27-88D661840BE4}.Release|Any CPU.Build.0 = Release|Any CPU
		{875A2812-5580-4BB0-AC40-250BAEF204B7}.Debug|Any CPU.ActiveCfg = Debug|Any CPU
		{875A2812-5580-4BB0-AC40-250BAEF204B7}.Debug|Any CPU.Build.0 = Debug|Any CPU
		{875A2812-5580-4BB0-AC40-250BAEF204B7}.Release|Any CPU.ActiveCfg = Release|Any CPU
		{875A2812-5580-4BB0-AC40-250BAEF204B7}.Release|Any CPU.Build.0 = Release|Any CPU
		{D728CCF7-3D97-434F-AD03-1DB81651222D}.Debug|Any CPU.ActiveCfg = Debug|Any CPU
		{D728CCF7-3D97-434F-AD03-1DB81651222D}.Debug|Any CPU.Build.0 = Debug|Any CPU
		{D728CCF7-3D97-434F-AD03-1DB81651222D}.Release|Any CPU.ActiveCfg = Release|Any CPU
		{D728CCF7-3D97-434F-AD03-1DB81651222D}.Release|Any CPU.Build.0 = Release|Any CPU
		{3F05825F-F249-4568-ABB7-428018E270A9}.Debug|Any CPU.ActiveCfg = Debug|Any CPU
		{3F05825F-F249-4568-ABB7-428018E270A9}.Debug|Any CPU.Build.0 = Debug|Any CPU
		{3F05825F-F249-4568-ABB7-428018E270A9}.Release|Any CPU.ActiveCfg = Release|Any CPU
		{3F05825F-F249-4568-ABB7-428018E270A9}.Release|Any CPU.Build.0 = Release|Any CPU
	EndGlobalSection
	GlobalSection(SolutionProperties) = preSolution
		HideSolutionNode = FALSE
	EndGlobalSection
	GlobalSection(ExtensibilityGlobals) = postSolution
		SolutionGuid = {7B8443CB-8409-46A4-BB2F-2E543BE87624}
	EndGlobalSection
EndGlobal
